// !$*UTF8*$!
{
	archiveVersion = 1;
	classes = {
	};
	objectVersion = 46;
	objects = {

/* Begin PBXBuildFile section */
		9A6BA7B91A8362CB00E62FC0 /* 123.png in Resources */ = {isa = PBXBuildFile; fileRef = 9A6BA7B81A8362CB00E62FC0 /* 123.png */; };
		9A6BA7BC1A83636900E62FC0 /* ForgetViewController.m in Sources */ = {isa = PBXBuildFile; fileRef = 9A6BA7BB1A83636900E62FC0 /* ForgetViewController.m */; };
		AE5496031A81BBBE0073108C /* ProjectDetailViewController.m in Sources */ = {isa = PBXBuildFile; fileRef = AE5496021A81BBBE0073108C /* ProjectDetailViewController.m */; };
		AE5496071A8209AB0073108C /* huodongDetailViewController.m in Sources */ = {isa = PBXBuildFile; fileRef = AE5496061A8209AB0073108C /* huodongDetailViewController.m */; };
		AE54960B1A8217DE0073108C /* NSString+Extension.m in Sources */ = {isa = PBXBuildFile; fileRef = AE54960A1A8217DE0073108C /* NSString+Extension.m */; };
		AE5496101A825CA70073108C /* ChoseTypeView.m in Sources */ = {isa = PBXBuildFile; fileRef = AE54960F1A825CA70073108C /* ChoseTypeView.m */; };
		AE5496121A825CD90073108C /* ChoseTypeView.xib in Resources */ = {isa = PBXBuildFile; fileRef = AE5496111A825CD90073108C /* ChoseTypeView.xib */; };
		AE5496311A82D1500073108C /* shaixuanTableView.m in Sources */ = {isa = PBXBuildFile; fileRef = AE5496301A82D1500073108C /* shaixuanTableView.m */; };
		AE5496341A82D46B0073108C /* image_select@2x.png in Resources */ = {isa = PBXBuildFile; fileRef = AE5496321A82D46A0073108C /* image_select@2x.png */; };
		AE5496351A82D46B0073108C /* image_unselect@2x.png in Resources */ = {isa = PBXBuildFile; fileRef = AE5496331A82D46B0073108C /* image_unselect@2x.png */; };
		AE5496371A82DCF60073108C /* grayline.png in Resources */ = {isa = PBXBuildFile; fileRef = AE5496361A82DCF60073108C /* grayline.png */; };
		AE54963A1A82F5010073108C /* ProjectYaoViewController.m in Sources */ = {isa = PBXBuildFile; fileRef = AE5496391A82F5010073108C /* ProjectYaoViewController.m */; };
		AE5507481A7AEFFD00CE69B2 /* ProjectViewController.m in Sources */ = {isa = PBXBuildFile; fileRef = AE5507471A7AEFFD00CE69B2 /* ProjectViewController.m */; };
		AE55074C1A7B2AA900CE69B2 /* LoginViewController.m in Sources */ = {isa = PBXBuildFile; fileRef = AE55074A1A7B2AA900CE69B2 /* LoginViewController.m */; };
		AE5C41741A7A7DC900C78A77 /* main.m in Sources */ = {isa = PBXBuildFile; fileRef = AE5C41731A7A7DC900C78A77 /* main.m */; };
		AE5C41771A7A7DC900C78A77 /* AppDelegate.m in Sources */ = {isa = PBXBuildFile; fileRef = AE5C41761A7A7DC900C78A77 /* AppDelegate.m */; };
		AE5C417A1A7A7DC900C78A77 /* ViewController.m in Sources */ = {isa = PBXBuildFile; fileRef = AE5C41791A7A7DC900C78A77 /* ViewController.m */; };
		AE5C417D1A7A7DC900C78A77 /* Main.storyboard in Resources */ = {isa = PBXBuildFile; fileRef = AE5C417B1A7A7DC900C78A77 /* Main.storyboard */; };
		AE5C417F1A7A7DC900C78A77 /* Images.xcassets in Resources */ = {isa = PBXBuildFile; fileRef = AE5C417E1A7A7DC900C78A77 /* Images.xcassets */; };
		AE5C41821A7A7DC900C78A77 /* LaunchScreen.xib in Resources */ = {isa = PBXBuildFile; fileRef = AE5C41801A7A7DC900C78A77 /* LaunchScreen.xib */; };
		AE5C418E1A7A7DC900C78A77 /* UnKnowSoftwareTests.m in Sources */ = {isa = PBXBuildFile; fileRef = AE5C418D1A7A7DC900C78A77 /* UnKnowSoftwareTests.m */; };
		AE6E0E271A7FBC59001CE038 /* ChoseNavigationController.m in Sources */ = {isa = PBXBuildFile; fileRef = AE6E0E261A7FBC59001CE038 /* ChoseNavigationController.m */; };
		AE6E0E2A1A80335E001CE038 /* MBarButttonItem.m in Sources */ = {isa = PBXBuildFile; fileRef = AE6E0E291A80335E001CE038 /* MBarButttonItem.m */; };
		AE6E0E2D1A8033AB001CE038 /* MTabBarItem.m in Sources */ = {isa = PBXBuildFile; fileRef = AE6E0E2C1A8033AB001CE038 /* MTabBarItem.m */; };
		AE6E0EA41A80351D001CE038 /* RDVTabBar.m in Sources */ = {isa = PBXBuildFile; fileRef = AE6E0E9F1A80351D001CE038 /* RDVTabBar.m */; };
		AE6E0EA51A80351D001CE038 /* RDVTabBarController.m in Sources */ = {isa = PBXBuildFile; fileRef = AE6E0EA11A80351D001CE038 /* RDVTabBarController.m */; };
		AE6E0EA61A80351D001CE038 /* RDVTabBarItem.m in Sources */ = {isa = PBXBuildFile; fileRef = AE6E0EA31A80351D001CE038 /* RDVTabBarItem.m */; };
		AE6E0EA91A803808001CE038 /* MTabbarController.m in Sources */ = {isa = PBXBuildFile; fileRef = AE6E0EA81A803808001CE038 /* MTabbarController.m */; };
		AE6E0EB21A807922001CE038 /* ZhuceViewController.m in Sources */ = {isa = PBXBuildFile; fileRef = AE6E0EB11A807922001CE038 /* ZhuceViewController.m */; };
		AE6E0EB51A807A1A001CE038 /* InvestorsCell.m in Sources */ = {isa = PBXBuildFile; fileRef = AE6E0EB41A807A1A001CE038 /* InvestorsCell.m */; };
		AE6E0EB91A8098AC001CE038 /* huodongViewController.m in Sources */ = {isa = PBXBuildFile; fileRef = AE6E0EB81A8098AC001CE038 /* huodongViewController.m */; };
		AE786A0A1A7B589400367E92 /* MyViewController.m in Sources */ = {isa = PBXBuildFile; fileRef = AE786A091A7B589400367E92 /* MyViewController.m */; };
		AEDBCED11A82FC3200324933 /* bottomView.m in Sources */ = {isa = PBXBuildFile; fileRef = AEDBCED01A82FC3200324933 /* bottomView.m */; };
		AEDBCEE41A83498600324933 /* Infour.m in Sources */ = {isa = PBXBuildFile; fileRef = AEDBCED71A83498600324933 /* Infour.m */; };
		AEDBCEE51A83498600324933 /* InthreeCell.m in Sources */ = {isa = PBXBuildFile; fileRef = AEDBCED91A83498600324933 /* InthreeCell.m */; };
		AEDBCEE61A83498600324933 /* TalkViewController.m in Sources */ = {isa = PBXBuildFile; fileRef = AEDBCEDB1A83498600324933 /* TalkViewController.m */; };
		AEDBCEE71A83498600324933 /* TeachCell.m in Sources */ = {isa = PBXBuildFile; fileRef = AEDBCEDD1A83498600324933 /* TeachCell.m */; };
		AEDBCEE81A83498600324933 /* TeachdetailViewController.m in Sources */ = {isa = PBXBuildFile; fileRef = AEDBCEDF1A83498600324933 /* TeachdetailViewController.m */; };
		AEDBCEE91A83498600324933 /* TeacherViewController.m in Sources */ = {isa = PBXBuildFile; fileRef = AEDBCEE11A83498600324933 /* TeacherViewController.m */; };
		AEDBCEEA1A83498600324933 /* TijiaoViewController.m in Sources */ = {isa = PBXBuildFile; fileRef = AEDBCEE31A83498600324933 /* TijiaoViewController.m */; };
		AEDBCEF21A8349B000324933 /* IndetailCell.m in Sources */ = {isa = PBXBuildFile; fileRef = AEDBCEED1A8349B000324933 /* IndetailCell.m */; };
		AEDBCEF31A8349B000324933 /* InvestordetaiViewController.m in Sources */ = {isa = PBXBuildFile; fileRef = AEDBCEEF1A8349B000324933 /* InvestordetaiViewController.m */; };
		AEDBCEF41A8349B000324933 /* InvestorsViewController.m in Sources */ = {isa = PBXBuildFile; fileRef = AEDBCEF11A8349B000324933 /* InvestorsViewController.m */; };
/* End PBXBuildFile section */

/* Begin PBXContainerItemProxy section */
		AE5C41881A7A7DC900C78A77 /* PBXContainerItemProxy */ = {
			isa = PBXContainerItemProxy;
			containerPortal = AE5C41661A7A7DC800C78A77 /* Project object */;
			proxyType = 1;
			remoteGlobalIDString = AE5C416D1A7A7DC900C78A77;
			remoteInfo = UnKnowSoftware;
		};
/* End PBXContainerItemProxy section */

/* Begin PBXFileReference section */
		9A6BA7B81A8362CB00E62FC0 /* 123.png */ = {isa = PBXFileReference; lastKnownFileType = image.png; path = 123.png; sourceTree = "<group>"; };
		9A6BA7BA1A83636900E62FC0 /* ForgetViewController.h */ = {isa = PBXFileReference; fileEncoding = 4; lastKnownFileType = sourcecode.c.h; path = ForgetViewController.h; sourceTree = "<group>"; };
		9A6BA7BB1A83636900E62FC0 /* ForgetViewController.m */ = {isa = PBXFileReference; fileEncoding = 4; lastKnownFileType = sourcecode.c.objc; path = ForgetViewController.m; sourceTree = "<group>"; };
		AE5496011A81BBBE0073108C /* ProjectDetailViewController.h */ = {isa = PBXFileReference; fileEncoding = 4; lastKnownFileType = sourcecode.c.h; path = ProjectDetailViewController.h; sourceTree = "<group>"; };
		AE5496021A81BBBE0073108C /* ProjectDetailViewController.m */ = {isa = PBXFileReference; fileEncoding = 4; lastKnownFileType = sourcecode.c.objc; path = ProjectDetailViewController.m; sourceTree = "<group>"; };
		AE5496051A8209AB0073108C /* huodongDetailViewController.h */ = {isa = PBXFileReference; fileEncoding = 4; lastKnownFileType = sourcecode.c.h; path = huodongDetailViewController.h; sourceTree = "<group>"; };
		AE5496061A8209AB0073108C /* huodongDetailViewController.m */ = {isa = PBXFileReference; fileEncoding = 4; lastKnownFileType = sourcecode.c.objc; path = huodongDetailViewController.m; sourceTree = "<group>"; };
		AE5496091A8217DE0073108C /* NSString+Extension.h */ = {isa = PBXFileReference; fileEncoding = 4; lastKnownFileType = sourcecode.c.h; path = "NSString+Extension.h"; sourceTree = "<group>"; };
		AE54960A1A8217DE0073108C /* NSString+Extension.m */ = {isa = PBXFileReference; fileEncoding = 4; lastKnownFileType = sourcecode.c.objc; path = "NSString+Extension.m"; sourceTree = "<group>"; };
		AE54960E1A825CA70073108C /* ChoseTypeView.h */ = {isa = PBXFileReference; fileEncoding = 4; lastKnownFileType = sourcecode.c.h; path = ChoseTypeView.h; sourceTree = "<group>"; };
		AE54960F1A825CA70073108C /* ChoseTypeView.m */ = {isa = PBXFileReference; fileEncoding = 4; lastKnownFileType = sourcecode.c.objc; path = ChoseTypeView.m; sourceTree = "<group>"; };
		AE5496111A825CD90073108C /* ChoseTypeView.xib */ = {isa = PBXFileReference; fileEncoding = 4; lastKnownFileType = file.xib; path = ChoseTypeView.xib; sourceTree = "<group>"; };
		AE54962F1A82D14F0073108C /* shaixuanTableView.h */ = {isa = PBXFileReference; fileEncoding = 4; lastKnownFileType = sourcecode.c.h; path = shaixuanTableView.h; sourceTree = "<group>"; };
		AE5496301A82D1500073108C /* shaixuanTableView.m */ = {isa = PBXFileReference; fileEncoding = 4; lastKnownFileType = sourcecode.c.objc; path = shaixuanTableView.m; sourceTree = "<group>"; };
		AE5496321A82D46A0073108C /* image_select@2x.png */ = {isa = PBXFileReference; lastKnownFileType = image.png; path = "image_select@2x.png"; sourceTree = "<group>"; };
		AE5496331A82D46B0073108C /* image_unselect@2x.png */ = {isa = PBXFileReference; lastKnownFileType = image.png; path = "image_unselect@2x.png"; sourceTree = "<group>"; };
		AE5496361A82DCF60073108C /* grayline.png */ = {isa = PBXFileReference; lastKnownFileType = image.png; path = grayline.png; sourceTree = "<group>"; };
		AE5496381A82F5010073108C /* ProjectYaoViewController.h */ = {isa = PBXFileReference; fileEncoding = 4; lastKnownFileType = sourcecode.c.h; path = ProjectYaoViewController.h; sourceTree = "<group>"; };
		AE5496391A82F5010073108C /* ProjectYaoViewController.m */ = {isa = PBXFileReference; fileEncoding = 4; lastKnownFileType = sourcecode.c.objc; path = ProjectYaoViewController.m; sourceTree = "<group>"; };
		AE5507461A7AEFFD00CE69B2 /* ProjectViewController.h */ = {isa = PBXFileReference; fileEncoding = 4; lastKnownFileType = sourcecode.c.h; path = ProjectViewController.h; sourceTree = "<group>"; };
		AE5507471A7AEFFD00CE69B2 /* ProjectViewController.m */ = {isa = PBXFileReference; fileEncoding = 4; lastKnownFileType = sourcecode.c.objc; path = ProjectViewController.m; sourceTree = "<group>"; };
		AE5507491A7B2AA900CE69B2 /* LoginViewController.h */ = {isa = PBXFileReference; fileEncoding = 4; lastKnownFileType = sourcecode.c.h; path = LoginViewController.h; sourceTree = "<group>"; };
		AE55074A1A7B2AA900CE69B2 /* LoginViewController.m */ = {isa = PBXFileReference; fileEncoding = 4; lastKnownFileType = sourcecode.c.objc; path = LoginViewController.m; sourceTree = "<group>"; };
		AE5C416E1A7A7DC900C78A77 /* UnKnowSoftware.app */ = {isa = PBXFileReference; explicitFileType = wrapper.application; includeInIndex = 0; path = UnKnowSoftware.app; sourceTree = BUILT_PRODUCTS_DIR; };
		AE5C41721A7A7DC900C78A77 /* Info.plist */ = {isa = PBXFileReference; lastKnownFileType = text.plist.xml; path = Info.plist; sourceTree = "<group>"; };
		AE5C41731A7A7DC900C78A77 /* main.m */ = {isa = PBXFileReference; lastKnownFileType = sourcecode.c.objc; path = main.m; sourceTree = "<group>"; };
		AE5C41751A7A7DC900C78A77 /* AppDelegate.h */ = {isa = PBXFileReference; lastKnownFileType = sourcecode.c.h; path = AppDelegate.h; sourceTree = "<group>"; };
		AE5C41761A7A7DC900C78A77 /* AppDelegate.m */ = {isa = PBXFileReference; lastKnownFileType = sourcecode.c.objc; path = AppDelegate.m; sourceTree = "<group>"; };
		AE5C41781A7A7DC900C78A77 /* ViewController.h */ = {isa = PBXFileReference; lastKnownFileType = sourcecode.c.h; path = ViewController.h; sourceTree = "<group>"; };
		AE5C41791A7A7DC900C78A77 /* ViewController.m */ = {isa = PBXFileReference; lastKnownFileType = sourcecode.c.objc; path = ViewController.m; sourceTree = "<group>"; };
		AE5C417C1A7A7DC900C78A77 /* Base */ = {isa = PBXFileReference; lastKnownFileType = file.storyboard; name = Base; path = Base.lproj/Main.storyboard; sourceTree = "<group>"; };
		AE5C417E1A7A7DC900C78A77 /* Images.xcassets */ = {isa = PBXFileReference; lastKnownFileType = folder.assetcatalog; path = Images.xcassets; sourceTree = "<group>"; };
		AE5C41811A7A7DC900C78A77 /* Base */ = {isa = PBXFileReference; lastKnownFileType = file.xib; name = Base; path = Base.lproj/LaunchScreen.xib; sourceTree = "<group>"; };
		AE5C41871A7A7DC900C78A77 /* UnKnowSoftwareTests.xctest */ = {isa = PBXFileReference; explicitFileType = wrapper.cfbundle; includeInIndex = 0; path = UnKnowSoftwareTests.xctest; sourceTree = BUILT_PRODUCTS_DIR; };
		AE5C418C1A7A7DC900C78A77 /* Info.plist */ = {isa = PBXFileReference; lastKnownFileType = text.plist.xml; path = Info.plist; sourceTree = "<group>"; };
		AE5C418D1A7A7DC900C78A77 /* UnKnowSoftwareTests.m */ = {isa = PBXFileReference; lastKnownFileType = sourcecode.c.objc; path = UnKnowSoftwareTests.m; sourceTree = "<group>"; };
		AE6E0E241A7FBB38001CE038 /* Constants.h */ = {isa = PBXFileReference; lastKnownFileType = sourcecode.c.h; path = Constants.h; sourceTree = "<group>"; };
		AE6E0E251A7FBC59001CE038 /* ChoseNavigationController.h */ = {isa = PBXFileReference; fileEncoding = 4; lastKnownFileType = sourcecode.c.h; path = ChoseNavigationController.h; sourceTree = "<group>"; };
		AE6E0E261A7FBC59001CE038 /* ChoseNavigationController.m */ = {isa = PBXFileReference; fileEncoding = 4; lastKnownFileType = sourcecode.c.objc; path = ChoseNavigationController.m; sourceTree = "<group>"; };
		AE6E0E281A80335E001CE038 /* MBarButttonItem.h */ = {isa = PBXFileReference; fileEncoding = 4; lastKnownFileType = sourcecode.c.h; path = MBarButttonItem.h; sourceTree = "<group>"; };
		AE6E0E291A80335E001CE038 /* MBarButttonItem.m */ = {isa = PBXFileReference; fileEncoding = 4; lastKnownFileType = sourcecode.c.objc; path = MBarButttonItem.m; sourceTree = "<group>"; };
		AE6E0E2B1A8033AB001CE038 /* MTabBarItem.h */ = {isa = PBXFileReference; fileEncoding = 4; lastKnownFileType = sourcecode.c.h; path = MTabBarItem.h; sourceTree = "<group>"; };
		AE6E0E2C1A8033AB001CE038 /* MTabBarItem.m */ = {isa = PBXFileReference; fileEncoding = 4; lastKnownFileType = sourcecode.c.objc; path = MTabBarItem.m; sourceTree = "<group>"; };
		AE6E0E9E1A80351D001CE038 /* RDVTabBar.h */ = {isa = PBXFileReference; fileEncoding = 4; lastKnownFileType = sourcecode.c.h; path = RDVTabBar.h; sourceTree = "<group>"; };
		AE6E0E9F1A80351D001CE038 /* RDVTabBar.m */ = {isa = PBXFileReference; fileEncoding = 4; lastKnownFileType = sourcecode.c.objc; path = RDVTabBar.m; sourceTree = "<group>"; };
		AE6E0EA01A80351D001CE038 /* RDVTabBarController.h */ = {isa = PBXFileReference; fileEncoding = 4; lastKnownFileType = sourcecode.c.h; path = RDVTabBarController.h; sourceTree = "<group>"; };
		AE6E0EA11A80351D001CE038 /* RDVTabBarController.m */ = {isa = PBXFileReference; fileEncoding = 4; lastKnownFileType = sourcecode.c.objc; path = RDVTabBarController.m; sourceTree = "<group>"; };
		AE6E0EA21A80351D001CE038 /* RDVTabBarItem.h */ = {isa = PBXFileReference; fileEncoding = 4; lastKnownFileType = sourcecode.c.h; path = RDVTabBarItem.h; sourceTree = "<group>"; };
		AE6E0EA31A80351D001CE038 /* RDVTabBarItem.m */ = {isa = PBXFileReference; fileEncoding = 4; lastKnownFileType = sourcecode.c.objc; path = RDVTabBarItem.m; sourceTree = "<group>"; };
		AE6E0EA71A803808001CE038 /* MTabbarController.h */ = {isa = PBXFileReference; fileEncoding = 4; lastKnownFileType = sourcecode.c.h; path = MTabbarController.h; sourceTree = "<group>"; };
		AE6E0EA81A803808001CE038 /* MTabbarController.m */ = {isa = PBXFileReference; fileEncoding = 4; lastKnownFileType = sourcecode.c.objc; path = MTabbarController.m; sourceTree = "<group>"; };
		AE6E0EB01A807922001CE038 /* ZhuceViewController.h */ = {isa = PBXFileReference; fileEncoding = 4; lastKnownFileType = sourcecode.c.h; path = ZhuceViewController.h; sourceTree = "<group>"; };
		AE6E0EB11A807922001CE038 /* ZhuceViewController.m */ = {isa = PBXFileReference; fileEncoding = 4; lastKnownFileType = sourcecode.c.objc; path = ZhuceViewController.m; sourceTree = "<group>"; };
		AE6E0EB31A807A1A001CE038 /* InvestorsCell.h */ = {isa = PBXFileReference; fileEncoding = 4; lastKnownFileType = sourcecode.c.h; path = InvestorsCell.h; sourceTree = "<group>"; };
		AE6E0EB41A807A1A001CE038 /* InvestorsCell.m */ = {isa = PBXFileReference; fileEncoding = 4; lastKnownFileType = sourcecode.c.objc; path = InvestorsCell.m; sourceTree = "<group>"; };
		AE6E0EB71A8098AC001CE038 /* huodongViewController.h */ = {isa = PBXFileReference; fileEncoding = 4; lastKnownFileType = sourcecode.c.h; path = huodongViewController.h; sourceTree = "<group>"; };
		AE6E0EB81A8098AC001CE038 /* huodongViewController.m */ = {isa = PBXFileReference; fileEncoding = 4; lastKnownFileType = sourcecode.c.objc; path = huodongViewController.m; sourceTree = "<group>"; };
		AE786A081A7B589400367E92 /* MyViewController.h */ = {isa = PBXFileReference; fileEncoding = 4; lastKnownFileType = sourcecode.c.h; path = MyViewController.h; sourceTree = "<group>"; };
		AE786A091A7B589400367E92 /* MyViewController.m */ = {isa = PBXFileReference; fileEncoding = 4; lastKnownFileType = sourcecode.c.objc; path = MyViewController.m; sourceTree = "<group>"; };
		AEDBCECF1A82FC3200324933 /* bottomView.h */ = {isa = PBXFileReference; fileEncoding = 4; lastKnownFileType = sourcecode.c.h; path = bottomView.h; sourceTree = "<group>"; };
		AEDBCED01A82FC3200324933 /* bottomView.m */ = {isa = PBXFileReference; fileEncoding = 4; lastKnownFileType = sourcecode.c.objc; path = bottomView.m; sourceTree = "<group>"; };
		AEDBCED61A83498600324933 /* Infour.h */ = {isa = PBXFileReference; fileEncoding = 4; lastKnownFileType = sourcecode.c.h; path = Infour.h; sourceTree = "<group>"; };
		AEDBCED71A83498600324933 /* Infour.m */ = {isa = PBXFileReference; fileEncoding = 4; lastKnownFileType = sourcecode.c.objc; path = Infour.m; sourceTree = "<group>"; };
		AEDBCED81A83498600324933 /* InthreeCell.h */ = {isa = PBXFileReference; fileEncoding = 4; lastKnownFileType = sourcecode.c.h; path = InthreeCell.h; sourceTree = "<group>"; };
		AEDBCED91A83498600324933 /* InthreeCell.m */ = {isa = PBXFileReference; fileEncoding = 4; lastKnownFileType = sourcecode.c.objc; path = InthreeCell.m; sourceTree = "<group>"; };
		AEDBCEDA1A83498600324933 /* TalkViewController.h */ = {isa = PBXFileReference; fileEncoding = 4; lastKnownFileType = sourcecode.c.h; path = TalkViewController.h; sourceTree = "<group>"; };
		AEDBCEDB1A83498600324933 /* TalkViewController.m */ = {isa = PBXFileReference; fileEncoding = 4; lastKnownFileType = sourcecode.c.objc; path = TalkViewController.m; sourceTree = "<group>"; };
		AEDBCEDC1A83498600324933 /* TeachCell.h */ = {isa = PBXFileReference; fileEncoding = 4; lastKnownFileType = sourcecode.c.h; path = TeachCell.h; sourceTree = "<group>"; };
		AEDBCEDD1A83498600324933 /* TeachCell.m */ = {isa = PBXFileReference; fileEncoding = 4; lastKnownFileType = sourcecode.c.objc; path = TeachCell.m; sourceTree = "<group>"; };
		AEDBCEDE1A83498600324933 /* TeachdetailViewController.h */ = {isa = PBXFileReference; fileEncoding = 4; lastKnownFileType = sourcecode.c.h; path = TeachdetailViewController.h; sourceTree = "<group>"; };
		AEDBCEDF1A83498600324933 /* TeachdetailViewController.m */ = {isa = PBXFileReference; fileEncoding = 4; lastKnownFileType = sourcecode.c.objc; path = TeachdetailViewController.m; sourceTree = "<group>"; };
		AEDBCEE01A83498600324933 /* TeacherViewController.h */ = {isa = PBXFileReference; fileEncoding = 4; lastKnownFileType = sourcecode.c.h; path = TeacherViewController.h; sourceTree = "<group>"; };
		AEDBCEE11A83498600324933 /* TeacherViewController.m */ = {isa = PBXFileReference; fileEncoding = 4; lastKnownFileType = sourcecode.c.objc; path = TeacherViewController.m; sourceTree = "<group>"; };
		AEDBCEE21A83498600324933 /* TijiaoViewController.h */ = {isa = PBXFileReference; fileEncoding = 4; lastKnownFileType = sourcecode.c.h; path = TijiaoViewController.h; sourceTree = "<group>"; };
		AEDBCEE31A83498600324933 /* TijiaoViewController.m */ = {isa = PBXFileReference; fileEncoding = 4; lastKnownFileType = sourcecode.c.objc; path = TijiaoViewController.m; sourceTree = "<group>"; };
		AEDBCEEC1A8349B000324933 /* IndetailCell.h */ = {isa = PBXFileReference; fileEncoding = 4; lastKnownFileType = sourcecode.c.h; path = IndetailCell.h; sourceTree = "<group>"; };
		AEDBCEED1A8349B000324933 /* IndetailCell.m */ = {isa = PBXFileReference; fileEncoding = 4; lastKnownFileType = sourcecode.c.objc; path = IndetailCell.m; sourceTree = "<group>"; };
		AEDBCEEE1A8349B000324933 /* InvestordetaiViewController.h */ = {isa = PBXFileReference; fileEncoding = 4; lastKnownFileType = sourcecode.c.h; path = InvestordetaiViewController.h; sourceTree = "<group>"; };
		AEDBCEEF1A8349B000324933 /* InvestordetaiViewController.m */ = {isa = PBXFileReference; fileEncoding = 4; lastKnownFileType = sourcecode.c.objc; path = InvestordetaiViewController.m; sourceTree = "<group>"; };
		AEDBCEF01A8349B000324933 /* InvestorsViewController.h */ = {isa = PBXFileReference; fileEncoding = 4; lastKnownFileType = sourcecode.c.h; path = InvestorsViewController.h; sourceTree = "<group>"; };
		AEDBCEF11A8349B000324933 /* InvestorsViewController.m */ = {isa = PBXFileReference; fileEncoding = 4; lastKnownFileType = sourcecode.c.objc; path = InvestorsViewController.m; sourceTree = "<group>"; };
/* End PBXFileReference section */

/* Begin PBXFrameworksBuildPhase section */
		AE5C416B1A7A7DC900C78A77 /* Frameworks */ = {
			isa = PBXFrameworksBuildPhase;
			buildActionMask = 2147483647;
			files = (
			);
			runOnlyForDeploymentPostprocessing = 0;
		};
		AE5C41841A7A7DC900C78A77 /* Frameworks */ = {
			isa = PBXFrameworksBuildPhase;
			buildActionMask = 2147483647;
			files = (
			);
			runOnlyForDeploymentPostprocessing = 0;
		};
/* End PBXFrameworksBuildPhase section */

/* Begin PBXGroup section */
		AE5496001A81BB440073108C /* 创业项目详情 */ = {
			isa = PBXGroup;
			children = (
				AE5496011A81BBBE0073108C /* ProjectDetailViewController.h */,
				AE5496021A81BBBE0073108C /* ProjectDetailViewController.m */,
				AE5496381A82F5010073108C /* ProjectYaoViewController.h */,
				AE5496391A82F5010073108C /* ProjectYaoViewController.m */,
			);
			path = "创业项目详情";
			sourceTree = "<group>";
		};
		AE5496041A8201310073108C /* 活动详情 */ = {
			isa = PBXGroup;
			children = (
				AE5496051A8209AB0073108C /* huodongDetailViewController.h */,
				AE5496061A8209AB0073108C /* huodongDetailViewController.m */,
			);
			path = "活动详情";
			sourceTree = "<group>";
		};
		AE5496081A82160F0073108C /* 自适应label高度 */ = {
			isa = PBXGroup;
			children = (
				AE5496091A8217DE0073108C /* NSString+Extension.h */,
				AE54960A1A8217DE0073108C /* NSString+Extension.m */,
			);
			name = "自适应label高度";
			path = "label自适应高度";
			sourceTree = "<group>";
		};
		AE5C41651A7A7DC800C78A77 = {
			isa = PBXGroup;
			children = (
				AE5C41701A7A7DC900C78A77 /* UnKnowSoftware */,
				AE5C418A1A7A7DC900C78A77 /* UnKnowSoftwareTests */,
				AE5C416F1A7A7DC900C78A77 /* Products */,
			);
			sourceTree = "<group>";
		};
		AE5C416F1A7A7DC900C78A77 /* Products */ = {
			isa = PBXGroup;
			children = (
				AE5C416E1A7A7DC900C78A77 /* UnKnowSoftware.app */,
				AE5C41871A7A7DC900C78A77 /* UnKnowSoftwareTests.xctest */,
			);
			name = Products;
			sourceTree = "<group>";
		};
		AE5C41701A7A7DC900C78A77 /* UnKnowSoftware */ = {
			isa = PBXGroup;
			children = (
				AE6E0E2E1A8034EE001CE038 /* Libraries */,
				AE6E0E231A7FB99E001CE038 /* Utilities */,
				AE5C41971A7A86DD00C78A77 /* ViewControllers */,
				AE5C41751A7A7DC900C78A77 /* AppDelegate.h */,
				AE5C41761A7A7DC900C78A77 /* AppDelegate.m */,
				AE5507491A7B2AA900CE69B2 /* LoginViewController.h */,
				AE55074A1A7B2AA900CE69B2 /* LoginViewController.m */,
				AE5C41781A7A7DC900C78A77 /* ViewController.h */,
				AE5C41791A7A7DC900C78A77 /* ViewController.m */,
				AE6E0EB01A807922001CE038 /* ZhuceViewController.h */,
				AE6E0EB11A807922001CE038 /* ZhuceViewController.m */,
				9A6BA7BA1A83636900E62FC0 /* ForgetViewController.h */,
				9A6BA7BB1A83636900E62FC0 /* ForgetViewController.m */,
				AE5C417B1A7A7DC900C78A77 /* Main.storyboard */,
				AE5C417E1A7A7DC900C78A77 /* Images.xcassets */,
				9A6BA7B81A8362CB00E62FC0 /* 123.png */,
				AE5C41801A7A7DC900C78A77 /* LaunchScreen.xib */,
				AE5C41711A7A7DC900C78A77 /* Supporting Files */,
			);
			path = UnKnowSoftware;
			sourceTree = "<group>";
		};
		AE5C41711A7A7DC900C78A77 /* Supporting Files */ = {
			isa = PBXGroup;
			children = (
				AE5C41721A7A7DC900C78A77 /* Info.plist */,
				AE5C41731A7A7DC900C78A77 /* main.m */,
				AE6E0E241A7FBB38001CE038 /* Constants.h */,
			);
			name = "Supporting Files";
			sourceTree = "<group>";
		};
		AE5C418A1A7A7DC900C78A77 /* UnKnowSoftwareTests */ = {
			isa = PBXGroup;
			children = (
				AE5C418D1A7A7DC900C78A77 /* UnKnowSoftwareTests.m */,
				AE5C418B1A7A7DC900C78A77 /* Supporting Files */,
			);
			path = UnKnowSoftwareTests;
			sourceTree = "<group>";
		};
		AE5C418B1A7A7DC900C78A77 /* Supporting Files */ = {
			isa = PBXGroup;
			children = (
				AE5C418C1A7A7DC900C78A77 /* Info.plist */,
			);
			name = "Supporting Files";
			sourceTree = "<group>";
		};
		AE5C41971A7A86DD00C78A77 /* ViewControllers */ = {
			isa = PBXGroup;
			children = (
				AEDBCEEB1A8349B000324933 /* 投资人 */,
				AEDBCED51A83498600324933 /* 导师 */,
				AE6E0EB61A80986F001CE038 /* 活动 */,
				AE786A071A7B581A00367E92 /* 我的 */,
				AE5C41981A7A870F00C78A77 /* 创业项目 */,
			);
			path = ViewControllers;
			sourceTree = "<group>";
		};
		AE5C41981A7A870F00C78A77 /* 创业项目 */ = {
			isa = PBXGroup;
			children = (
				AE5496001A81BB440073108C /* 创业项目详情 */,
				AE5507461A7AEFFD00CE69B2 /* ProjectViewController.h */,
				AE5507471A7AEFFD00CE69B2 /* ProjectViewController.m */,
			);
			path = "创业项目";
			sourceTree = "<group>";
		};
		AE6E0E231A7FB99E001CE038 /* Utilities */ = {
			isa = PBXGroup;
			children = (
				AE6E0EB31A807A1A001CE038 /* InvestorsCell.h */,
				AE6E0EB41A807A1A001CE038 /* InvestorsCell.m */,
				AE54960E1A825CA70073108C /* ChoseTypeView.h */,
				AE54960F1A825CA70073108C /* ChoseTypeView.m */,
				AE5496111A825CD90073108C /* ChoseTypeView.xib */,
				AE6E0E251A7FBC59001CE038 /* ChoseNavigationController.h */,
				AE6E0E261A7FBC59001CE038 /* ChoseNavigationController.m */,
				AE6E0E281A80335E001CE038 /* MBarButttonItem.h */,
				AE6E0E291A80335E001CE038 /* MBarButttonItem.m */,
				AE6E0E2B1A8033AB001CE038 /* MTabBarItem.h */,
				AE6E0E2C1A8033AB001CE038 /* MTabBarItem.m */,
				AE6E0EA71A803808001CE038 /* MTabbarController.h */,
				AE6E0EA81A803808001CE038 /* MTabbarController.m */,
				AE54962F1A82D14F0073108C /* shaixuanTableView.h */,
				AE5496301A82D1500073108C /* shaixuanTableView.m */,
				AE5496321A82D46A0073108C /* image_select@2x.png */,
				AE5496331A82D46B0073108C /* image_unselect@2x.png */,
				AE5496361A82DCF60073108C /* grayline.png */,
				AEDBCECF1A82FC3200324933 /* bottomView.h */,
				AEDBCED01A82FC3200324933 /* bottomView.m */,
			);
			path = Utilities;
			sourceTree = "<group>";
		};
		AE6E0E2E1A8034EE001CE038 /* Libraries */ = {
			isa = PBXGroup;
			children = (
				AE5496081A82160F0073108C /* 自适应label高度 */,
				AE6E0E9D1A80351D001CE038 /* 自定义tabbar控制器 */,
			);
			path = Libraries;
			sourceTree = "<group>";
		};
		AE6E0E9D1A80351D001CE038 /* 自定义tabbar控制器 */ = {
			isa = PBXGroup;
			children = (
				AE6E0E9E1A80351D001CE038 /* RDVTabBar.h */,
				AE6E0E9F1A80351D001CE038 /* RDVTabBar.m */,
				AE6E0EA01A80351D001CE038 /* RDVTabBarController.h */,
				AE6E0EA11A80351D001CE038 /* RDVTabBarController.m */,
				AE6E0EA21A80351D001CE038 /* RDVTabBarItem.h */,
				AE6E0EA31A80351D001CE038 /* RDVTabBarItem.m */,
			);
			path = "自定义tabbar控制器";
			sourceTree = "<group>";
		};
		AE6E0EB61A80986F001CE038 /* 活动 */ = {
			isa = PBXGroup;
			children = (
				AE5496041A8201310073108C /* 活动详情 */,
				AE6E0EB71A8098AC001CE038 /* huodongViewController.h */,
				AE6E0EB81A8098AC001CE038 /* huodongViewController.m */,
			);
			path = "活动";
			sourceTree = "<group>";
		};
		AE786A071A7B581A00367E92 /* 我的 */ = {
			isa = PBXGroup;
			children = (
				AE786A081A7B589400367E92 /* MyViewController.h */,
				AE786A091A7B589400367E92 /* MyViewController.m */,
			);
			path = "我的";
			sourceTree = "<group>";
		};
		AEDBCED51A83498600324933 /* 导师 */ = {
			isa = PBXGroup;
			children = (
				AEDBCED61A83498600324933 /* Infour.h */,
				AEDBCED71A83498600324933 /* Infour.m */,
				AEDBCED81A83498600324933 /* InthreeCell.h */,
				AEDBCED91A83498600324933 /* InthreeCell.m */,
				AEDBCEDA1A83498600324933 /* TalkViewController.h */,
				AEDBCEDB1A83498600324933 /* TalkViewController.m */,
				AEDBCEDC1A83498600324933 /* TeachCell.h */,
				AEDBCEDD1A83498600324933 /* TeachCell.m */,
				AEDBCEDE1A83498600324933 /* TeachdetailViewController.h */,
				AEDBCEDF1A83498600324933 /* TeachdetailViewController.m */,
				AEDBCEE01A83498600324933 /* TeacherViewController.h */,
				AEDBCEE11A83498600324933 /* TeacherViewController.m */,
				AEDBCEE21A83498600324933 /* TijiaoViewController.h */,
				AEDBCEE31A83498600324933 /* TijiaoViewController.m */,
			);
			path = "导师";
			sourceTree = "<group>";
		};
		AEDBCEEB1A8349B000324933 /* 投资人 */ = {
			isa = PBXGroup;
			children = (
				AEDBCEEC1A8349B000324933 /* IndetailCell.h */,
				AEDBCEED1A8349B000324933 /* IndetailCell.m */,
				AEDBCEEE1A8349B000324933 /* InvestordetaiViewController.h */,
				AEDBCEEF1A8349B000324933 /* InvestordetaiViewController.m */,
				AEDBCEF01A8349B000324933 /* InvestorsViewController.h */,
				AEDBCEF11A8349B000324933 /* InvestorsViewController.m */,
			);
			path = "投资人";
			sourceTree = "<group>";
		};
/* End PBXGroup section */

/* Begin PBXNativeTarget section */
		AE5C416D1A7A7DC900C78A77 /* UnKnowSoftware */ = {
			isa = PBXNativeTarget;
			buildConfigurationList = AE5C41911A7A7DC900C78A77 /* Build configuration list for PBXNativeTarget "UnKnowSoftware" */;
			buildPhases = (
				AE5C416A1A7A7DC900C78A77 /* Sources */,
				AE5C416B1A7A7DC900C78A77 /* Frameworks */,
				AE5C416C1A7A7DC900C78A77 /* Resources */,
			);
			buildRules = (
			);
			dependencies = (
			);
			name = UnKnowSoftware;
			productName = UnKnowSoftware;
			productReference = AE5C416E1A7A7DC900C78A77 /* UnKnowSoftware.app */;
			productType = "com.apple.product-type.application";
		};
		AE5C41861A7A7DC900C78A77 /* UnKnowSoftwareTests */ = {
			isa = PBXNativeTarget;
			buildConfigurationList = AE5C41941A7A7DC900C78A77 /* Build configuration list for PBXNativeTarget "UnKnowSoftwareTests" */;
			buildPhases = (
				AE5C41831A7A7DC900C78A77 /* Sources */,
				AE5C41841A7A7DC900C78A77 /* Frameworks */,
				AE5C41851A7A7DC900C78A77 /* Resources */,
			);
			buildRules = (
			);
			dependencies = (
				AE5C41891A7A7DC900C78A77 /* PBXTargetDependency */,
			);
			name = UnKnowSoftwareTests;
			productName = UnKnowSoftwareTests;
			productReference = AE5C41871A7A7DC900C78A77 /* UnKnowSoftwareTests.xctest */;
			productType = "com.apple.product-type.bundle.unit-test";
		};
/* End PBXNativeTarget section */

/* Begin PBXProject section */
		AE5C41661A7A7DC800C78A77 /* Project object */ = {
			isa = PBXProject;
			attributes = {
				LastUpgradeCheck = 0610;
				ORGANIZATIONNAME = com.iuiue;
				TargetAttributes = {
					AE5C416D1A7A7DC900C78A77 = {
						CreatedOnToolsVersion = 6.1.1;
						DevelopmentTeam = EX4N42CUS7;
					};
					AE5C41861A7A7DC900C78A77 = {
						CreatedOnToolsVersion = 6.1.1;
						TestTargetID = AE5C416D1A7A7DC900C78A77;
					};
				};
			};
			buildConfigurationList = AE5C41691A7A7DC800C78A77 /* Build configuration list for PBXProject "UnKnowSoftware" */;
			compatibilityVersion = "Xcode 3.2";
			developmentRegion = English;
			hasScannedForEncodings = 0;
			knownRegions = (
				en,
				Base,
			);
			mainGroup = AE5C41651A7A7DC800C78A77;
			productRefGroup = AE5C416F1A7A7DC900C78A77 /* Products */;
			projectDirPath = "";
			projectRoot = "";
			targets = (
				AE5C416D1A7A7DC900C78A77 /* UnKnowSoftware */,
				AE5C41861A7A7DC900C78A77 /* UnKnowSoftwareTests */,
			);
		};
/* End PBXProject section */

/* Begin PBXResourcesBuildPhase section */
		AE5C416C1A7A7DC900C78A77 /* Resources */ = {
			isa = PBXResourcesBuildPhase;
			buildActionMask = 2147483647;
			files = (
				9A6BA7B91A8362CB00E62FC0 /* 123.png in Resources */,
				AE5C417D1A7A7DC900C78A77 /* Main.storyboard in Resources */,
				AE5496371A82DCF60073108C /* grayline.png in Resources */,
				AE5496121A825CD90073108C /* ChoseTypeView.xib in Resources */,
				AE5496341A82D46B0073108C /* image_select@2x.png in Resources */,
				AE5C41821A7A7DC900C78A77 /* LaunchScreen.xib in Resources */,
				AE5C417F1A7A7DC900C78A77 /* Images.xcassets in Resources */,
				AE5496351A82D46B0073108C /* image_unselect@2x.png in Resources */,
			);
			runOnlyForDeploymentPostprocessing = 0;
		};
		AE5C41851A7A7DC900C78A77 /* Resources */ = {
			isa = PBXResourcesBuildPhase;
			buildActionMask = 2147483647;
			files = (
			);
			runOnlyForDeploymentPostprocessing = 0;
		};
/* End PBXResourcesBuildPhase section */

/* Begin PBXSourcesBuildPhase section */
		AE5C416A1A7A7DC900C78A77 /* Sources */ = {
			isa = PBXSourcesBuildPhase;
			buildActionMask = 2147483647;
			files = (
				AE6E0EA91A803808001CE038 /* MTabbarController.m in Sources */,
				AE6E0EB21A807922001CE038 /* ZhuceViewController.m in Sources */,
				AE5496071A8209AB0073108C /* huodongDetailViewController.m in Sources */,
				AE786A0A1A7B589400367E92 /* MyViewController.m in Sources */,
				AE5496031A81BBBE0073108C /* ProjectDetailViewController.m in Sources */,
				9A6BA7BC1A83636900E62FC0 /* ForgetViewController.m in Sources */,
				AEDBCEE51A83498600324933 /* InthreeCell.m in Sources */,
				AE5507481A7AEFFD00CE69B2 /* ProjectViewController.m in Sources */,
				AE5C417A1A7A7DC900C78A77 /* ViewController.m in Sources */,
				AE6E0EA61A80351D001CE038 /* RDVTabBarItem.m in Sources */,
				AE6E0EB51A807A1A001CE038 /* InvestorsCell.m in Sources */,
				AEDBCED11A82FC3200324933 /* bottomView.m in Sources */,
				AEDBCEE91A83498600324933 /* TeacherViewController.m in Sources */,
				AE5C41771A7A7DC900C78A77 /* AppDelegate.m in Sources */,
				AE5C41741A7A7DC900C78A77 /* main.m in Sources */,
				AE5496101A825CA70073108C /* ChoseTypeView.m in Sources */,
				AE54960B1A8217DE0073108C /* NSString+Extension.m in Sources */,
				AEDBCEE61A83498600324933 /* TalkViewController.m in Sources */,
				AE54963A1A82F5010073108C /* ProjectYaoViewController.m in Sources */,
				AEDBCEE41A83498600324933 /* Infour.m in Sources */,
				AEDBCEF41A8349B000324933 /* InvestorsViewController.m in Sources */,
				AE5496311A82D1500073108C /* shaixuanTableView.m in Sources */,
				AE6E0E2D1A8033AB001CE038 /* MTabBarItem.m in Sources */,
				AE6E0E2A1A80335E001CE038 /* MBarButttonItem.m in Sources */,
				AEDBCEF21A8349B000324933 /* IndetailCell.m in Sources */,
				AE6E0EA51A80351D001CE038 /* RDVTabBarController.m in Sources */,
				AEDBCEF31A8349B000324933 /* InvestordetaiViewController.m in Sources */,
				AE55074C1A7B2AA900CE69B2 /* LoginViewController.m in Sources */,
				AE6E0EA41A80351D001CE038 /* RDVTabBar.m in Sources */,
				AEDBCEEA1A83498600324933 /* TijiaoViewController.m in Sources */,
				AEDBCEE81A83498600324933 /* TeachdetailViewController.m in Sources */,
				AE6E0E271A7FBC59001CE038 /* ChoseNavigationController.m in Sources */,
				AE6E0EB91A8098AC001CE038 /* huodongViewController.m in Sources */,
				AEDBCEE71A83498600324933 /* TeachCell.m in Sources */,
			);
			runOnlyForDeploymentPostprocessing = 0;
		};
		AE5C41831A7A7DC900C78A77 /* Sources */ = {
			isa = PBXSourcesBuildPhase;
			buildActionMask = 2147483647;
			files = (
				AE5C418E1A7A7DC900C78A77 /* UnKnowSoftwareTests.m in Sources */,
			);
			runOnlyForDeploymentPostprocessing = 0;
		};
/* End PBXSourcesBuildPhase section */

/* Begin PBXTargetDependency section */
		AE5C41891A7A7DC900C78A77 /* PBXTargetDependency */ = {
			isa = PBXTargetDependency;
			target = AE5C416D1A7A7DC900C78A77 /* UnKnowSoftware */;
			targetProxy = AE5C41881A7A7DC900C78A77 /* PBXContainerItemProxy */;
		};
/* End PBXTargetDependency section */

/* Begin PBXVariantGroup section */
		AE5C417B1A7A7DC900C78A77 /* Main.storyboard */ = {
			isa = PBXVariantGroup;
			children = (
				AE5C417C1A7A7DC900C78A77 /* Base */,
			);
			name = Main.storyboard;
			sourceTree = "<group>";
		};
		AE5C41801A7A7DC900C78A77 /* LaunchScreen.xib */ = {
			isa = PBXVariantGroup;
			children = (
				AE5C41811A7A7DC900C78A77 /* Base */,
			);
			name = LaunchScreen.xib;
			sourceTree = "<group>";
		};
/* End PBXVariantGroup section */

/* Begin XCBuildConfiguration section */
		AE5C418F1A7A7DC900C78A77 /* Debug */ = {
			isa = XCBuildConfiguration;
			buildSettings = {
				ALWAYS_SEARCH_USER_PATHS = NO;
				CLANG_CXX_LANGUAGE_STANDARD = "gnu++0x";
				CLANG_CXX_LIBRARY = "libc++";
				CLANG_ENABLE_MODULES = YES;
				CLANG_ENABLE_OBJC_ARC = YES;
				CLANG_WARN_BOOL_CONVERSION = YES;
				CLANG_WARN_CONSTANT_CONVERSION = YES;
				CLANG_WARN_DIRECT_OBJC_ISA_USAGE = YES_ERROR;
				CLANG_WARN_EMPTY_BODY = YES;
				CLANG_WARN_ENUM_CONVERSION = YES;
				CLANG_WARN_INT_CONVERSION = YES;
				CLANG_WARN_OBJC_ROOT_CLASS = YES_ERROR;
				CLANG_WARN_UNREACHABLE_CODE = YES;
				CLANG_WARN__DUPLICATE_METHOD_MATCH = YES;
				"CODE_SIGN_IDENTITY[sdk=iphoneos*]" = "iPhone Developer";
				COPY_PHASE_STRIP = NO;
				ENABLE_STRICT_OBJC_MSGSEND = YES;
				GCC_C_LANGUAGE_STANDARD = gnu99;
				GCC_DYNAMIC_NO_PIC = NO;
				GCC_OPTIMIZATION_LEVEL = 0;
				GCC_PREPROCESSOR_DEFINITIONS = (
					"DEBUG=1",
					"$(inherited)",
				);
				GCC_SYMBOLS_PRIVATE_EXTERN = NO;
				GCC_WARN_64_TO_32_BIT_CONVERSION = YES;
				GCC_WARN_ABOUT_RETURN_TYPE = YES_ERROR;
				GCC_WARN_UNDECLARED_SELECTOR = YES;
				GCC_WARN_UNINITIALIZED_AUTOS = YES_AGGRESSIVE;
				GCC_WARN_UNUSED_FUNCTION = YES;
				GCC_WARN_UNUSED_VARIABLE = YES;
				IPHONEOS_DEPLOYMENT_TARGET = 8.1;
				MTL_ENABLE_DEBUG_INFO = YES;
				ONLY_ACTIVE_ARCH = YES;
				SDKROOT = iphoneos;
			};
			name = Debug;
		};
		AE5C41901A7A7DC900C78A77 /* Release */ = {
			isa = XCBuildConfiguration;
			buildSettings = {
				ALWAYS_SEARCH_USER_PATHS = NO;
				CLANG_CXX_LANGUAGE_STANDARD = "gnu++0x";
				CLANG_CXX_LIBRARY = "libc++";
				CLANG_ENABLE_MODULES = YES;
				CLANG_ENABLE_OBJC_ARC = YES;
				CLANG_WARN_BOOL_CONVERSION = YES;
				CLANG_WARN_CONSTANT_CONVERSION = YES;
				CLANG_WARN_DIRECT_OBJC_ISA_USAGE = YES_ERROR;
				CLANG_WARN_EMPTY_BODY = YES;
				CLANG_WARN_ENUM_CONVERSION = YES;
				CLANG_WARN_INT_CONVERSION = YES;
				CLANG_WARN_OBJC_ROOT_CLASS = YES_ERROR;
				CLANG_WARN_UNREACHABLE_CODE = YES;
				CLANG_WARN__DUPLICATE_METHOD_MATCH = YES;
				"CODE_SIGN_IDENTITY[sdk=iphoneos*]" = "iPhone Developer";
				COPY_PHASE_STRIP = YES;
				ENABLE_NS_ASSERTIONS = NO;
				ENABLE_STRICT_OBJC_MSGSEND = YES;
				GCC_C_LANGUAGE_STANDARD = gnu99;
				GCC_WARN_64_TO_32_BIT_CONVERSION = YES;
				GCC_WARN_ABOUT_RETURN_TYPE = YES_ERROR;
				GCC_WARN_UNDECLARED_SELECTOR = YES;
				GCC_WARN_UNINITIALIZED_AUTOS = YES_AGGRESSIVE;
				GCC_WARN_UNUSED_FUNCTION = YES;
				GCC_WARN_UNUSED_VARIABLE = YES;
				IPHONEOS_DEPLOYMENT_TARGET = 8.1;
				MTL_ENABLE_DEBUG_INFO = NO;
				SDKROOT = iphoneos;
				VALIDATE_PRODUCT = YES;
			};
			name = Release;
		};
		AE5C41921A7A7DC900C78A77 /* Debug */ = {
			isa = XCBuildConfiguration;
			buildSettings = {
				ASSETCATALOG_COMPILER_APPICON_NAME = AppIcon;
				ASSETCATALOG_COMPILER_LAUNCHIMAGE_NAME = LaunchImage;
				CODE_SIGN_IDENTITY = "iPhone Developer";
				INFOPLIST_FILE = UnKnowSoftware/Info.plist;
				IPHONEOS_DEPLOYMENT_TARGET = 7.0;
				LD_RUNPATH_SEARCH_PATHS = "$(inherited) @executable_path/Frameworks";
				LIBRARY_SEARCH_PATHS = (
					"$(inherited)",
					"$(PROJECT_DIR)/UnKnowSoftware/Libraries/asi",
				);
				PRODUCT_NAME = "$(TARGET_NAME)";
				PROVISIONING_PROFILE = "";
			};
			name = Debug;
		};
		AE5C41931A7A7DC900C78A77 /* Release */ = {
			isa = XCBuildConfiguration;
			buildSettings = {
				ASSETCATALOG_COMPILER_APPICON_NAME = AppIcon;
				ASSETCATALOG_COMPILER_LAUNCHIMAGE_NAME = LaunchImage;
				CODE_SIGN_IDENTITY = "iPhone Distribution: Hong Liang Wang (EX4N42CUS7)";
				INFOPLIST_FILE = UnKnowSoftware/Info.plist;
				IPHONEOS_DEPLOYMENT_TARGET = 7.0;
				LD_RUNPATH_SEARCH_PATHS = "$(inherited) @executable_path/Frameworks";
				LIBRARY_SEARCH_PATHS = (
					"$(inherited)",
					"$(PROJECT_DIR)/UnKnowSoftware/Libraries/asi",
				);
				PRODUCT_NAME = "$(TARGET_NAME)";
				PROVISIONING_PROFILE = "";
			};
			name = Release;
		};
		AE5C41951A7A7DC900C78A77 /* Debug */ = {
			isa = XCBuildConfiguration;
			buildSettings = {
				BUNDLE_LOADER = "$(TEST_HOST)";
				FRAMEWORK_SEARCH_PATHS = (
					"$(SDKROOT)/Developer/Library/Frameworks",
					"$(inherited)",
				);
				GCC_PREPROCESSOR_DEFINITIONS = (
					"DEBUG=1",
					"$(inherited)",
				);
				INFOPLIST_FILE = UnKnowSoftwareTests/Info.plist;
				LD_RUNPATH_SEARCH_PATHS = "$(inherited) @executable_path/Frameworks @loader_path/Frameworks";
				PRODUCT_NAME = "$(TARGET_NAME)";
				TEST_HOST = "$(BUILT_PRODUCTS_DIR)/UnKnowSoftware.app/UnKnowSoftware";
			};
			name = Debug;
		};
		AE5C41961A7A7DC900C78A77 /* Release */ = {
			isa = XCBuildConfiguration;
			buildSettings = {
				BUNDLE_LOADER = "$(TEST_HOST)";
				FRAMEWORK_SEARCH_PATHS = (
					"$(SDKROOT)/Developer/Library/Frameworks",
					"$(inherited)",
				);
				INFOPLIST_FILE = UnKnowSoftwareTests/Info.plist;
				LD_RUNPATH_SEARCH_PATHS = "$(inherited) @executable_path/Frameworks @loader_path/Frameworks";
				PRODUCT_NAME = "$(TARGET_NAME)";
				TEST_HOST = "$(BUILT_PRODUCTS_DIR)/UnKnowSoftware.app/UnKnowSoftware";
			};
			name = Release;
		};
/* End XCBuildConfiguration section */

/* Begin XCConfigurationList section */
		AE5C41691A7A7DC800C78A77 /* Build configuration list for PBXProject "UnKnowSoftware" */ = {
			isa = XCConfigurationList;
			buildConfigurations = (
				AE5C418F1A7A7DC900C78A77 /* Debug */,
				AE5C41901A7A7DC900C78A77 /* Release */,
			);
			defaultConfigurationIsVisible = 0;
			defaultConfigurationName = Release;
		};
		AE5C41911A7A7DC900C78A77 /* Build configuration list for PBXNativeTarget "UnKnowSoftware" */ = {
			isa = XCConfigurationList;
			buildConfigurations = (
				AE5C41921A7A7DC900C78A77 /* Debug */,
				AE5C41931A7A7DC900C78A77 /* Release */,
			);
			defaultConfigurationIsVisible = 0;
			defaultConfigurationName = Release;
		};
		AE5C41941A7A7DC900C78A77 /* Build configuration list for PBXNativeTarget "UnKnowSoftwareTests" */ = {
			isa = XCConfigurationList;
			buildConfigurations = (
				AE5C41951A7A7DC900C78A77 /* Debug */,
				AE5C41961A7A7DC900C78A77 /* Release */,
			);
			defaultConfigurationIsVisible = 0;
			defaultConfigurationName = Release;
		};
/* End XCConfigurationList section */
	};
	rootObject = AE5C41661A7A7DC800C78A77 /* Project object */;
}
